// !$*UTF8*$!
{
	archiveVersion = 1;
	classes = {
	};
	objectVersion = 46;
	objects = {

/* Begin PBXBuildFile section */
		2B1756B51DA8980400DCEA39 /* AppDelegate.swift in Sources */ = {isa = PBXBuildFile; fileRef = 2B1756B41DA8980400DCEA39 /* AppDelegate.swift */; };
		2B1756B71DA8980400DCEA39 /* ViewController.swift in Sources */ = {isa = PBXBuildFile; fileRef = 2B1756B61DA8980400DCEA39 /* ViewController.swift */; };
		2B1756BA1DA8980400DCEA39 /* Main.storyboard in Resources */ = {isa = PBXBuildFile; fileRef = 2B1756B81DA8980400DCEA39 /* Main.storyboard */; };
		2B1756BC1DA8980400DCEA39 /* Assets.xcassets in Resources */ = {isa = PBXBuildFile; fileRef = 2B1756BB1DA8980400DCEA39 /* Assets.xcassets */; };
		2B1756BF1DA8980400DCEA39 /* LaunchScreen.storyboard in Resources */ = {isa = PBXBuildFile; fileRef = 2B1756BD1DA8980400DCEA39 /* LaunchScreen.storyboard */; };
		2B1756CA1DA8980400DCEA39 /* PotatoTests.swift in Sources */ = {isa = PBXBuildFile; fileRef = 2B1756C91DA8980400DCEA39 /* PotatoTests.swift */; };
		2B1756D51DA8980400DCEA39 /* PotatoUITests.swift in Sources */ = {isa = PBXBuildFile; fileRef = 2B1756D41DA8980400DCEA39 /* PotatoUITests.swift */; };
		2B7945541DA8B54000C55A06 /* images in Resources */ = {isa = PBXBuildFile; fileRef = 2B7945531DA8B54000C55A06 /* images */; };
		2B7945561DA90B1B00C55A06 /* ImageViewController.swift in Sources */ = {isa = PBXBuildFile; fileRef = 2B7945551DA90B1B00C55A06 /* ImageViewController.swift */; };
/* End PBXBuildFile section */

/* Begin PBXContainerItemProxy section */
		2B1756C61DA8980400DCEA39 /* PBXContainerItemProxy */ = {
			isa = PBXContainerItemProxy;
			containerPortal = 2B1756A91DA8980400DCEA39 /* Project object */;
			proxyType = 1;
			remoteGlobalIDString = 2B1756B01DA8980400DCEA39;
			remoteInfo = Potato;
		};
		2B1756D11DA8980400DCEA39 /* PBXContainerItemProxy */ = {
			isa = PBXContainerItemProxy;
			containerPortal = 2B1756A91DA8980400DCEA39 /* Project object */;
			proxyType = 1;
			remoteGlobalIDString = 2B1756B01DA8980400DCEA39;
			remoteInfo = Potato;
		};
/* End PBXContainerItemProxy section */

/* Begin PBXFileReference section */
		2B1756B11DA8980400DCEA39 /* Potato.app */ = {isa = PBXFileReference; explicitFileType = wrapper.application; includeInIndex = 0; path = Potato.app; sourceTree = BUILT_PRODUCTS_DIR; };
		2B1756B41DA8980400DCEA39 /* AppDelegate.swift */ = {isa = PBXFileReference; lastKnownFileType = sourcecode.swift; path = AppDelegate.swift; sourceTree = "<group>"; };
		2B1756B61DA8980400DCEA39 /* ViewController.swift */ = {isa = PBXFileReference; lastKnownFileType = sourcecode.swift; path = ViewController.swift; sourceTree = "<group>"; };
		2B1756B91DA8980400DCEA39 /* Base */ = {isa = PBXFileReference; lastKnownFileType = file.storyboard; name = Base; path = Base.lproj/Main.storyboard; sourceTree = "<group>"; };
		2B1756BB1DA8980400DCEA39 /* Assets.xcassets */ = {isa = PBXFileReference; lastKnownFileType = folder.assetcatalog; path = Assets.xcassets; sourceTree = "<group>"; };
		2B1756BE1DA8980400DCEA39 /* Base */ = {isa = PBXFileReference; lastKnownFileType = file.storyboard; name = Base; path = Base.lproj/LaunchScreen.storyboard; sourceTree = "<group>"; };
		2B1756C01DA8980400DCEA39 /* Info.plist */ = {isa = PBXFileReference; lastKnownFileType = text.plist.xml; path = Info.plist; sourceTree = "<group>"; };
		2B1756C51DA8980400DCEA39 /* PotatoTests.xctest */ = {isa = PBXFileReference; explicitFileType = wrapper.cfbundle; includeInIndex = 0; path = PotatoTests.xctest; sourceTree = BUILT_PRODUCTS_DIR; };
		2B1756C91DA8980400DCEA39 /* PotatoTests.swift */ = {isa = PBXFileReference; lastKnownFileType = sourcecode.swift; path = PotatoTests.swift; sourceTree = "<group>"; };
		2B1756CB1DA8980400DCEA39 /* Info.plist */ = {isa = PBXFileReference; lastKnownFileType = text.plist.xml; path = Info.plist; sourceTree = "<group>"; };
		2B1756D01DA8980400DCEA39 /* PotatoUITests.xctest */ = {isa = PBXFileReference; explicitFileType = wrapper.cfbundle; includeInIndex = 0; path = PotatoUITests.xctest; sourceTree = BUILT_PRODUCTS_DIR; };
		2B1756D41DA8980400DCEA39 /* PotatoUITests.swift */ = {isa = PBXFileReference; lastKnownFileType = sourcecode.swift; path = PotatoUITests.swift; sourceTree = "<group>"; };
		2B1756D61DA8980400DCEA39 /* Info.plist */ = {isa = PBXFileReference; lastKnownFileType = text.plist.xml; path = Info.plist; sourceTree = "<group>"; };
		2B7945531DA8B54000C55A06 /* images */ = {isa = PBXFileReference; lastKnownFileType = folder; path = images; sourceTree = "<group>"; };
		2B7945551DA90B1B00C55A06 /* ImageViewController.swift */ = {isa = PBXFileReference; fileEncoding = 4; lastKnownFileType = sourcecode.swift; path = ImageViewController.swift; sourceTree = "<group>"; };
/* End PBXFileReference section */

/* Begin PBXFrameworksBuildPhase section */
		2B1756AE1DA8980400DCEA39 /* Frameworks */ = {
			isa = PBXFrameworksBuildPhase;
			buildActionMask = 2147483647;
			files = (
			);
			runOnlyForDeploymentPostprocessing = 0;
		};
		2B1756C21DA8980400DCEA39 /* Frameworks */ = {
			isa = PBXFrameworksBuildPhase;
			buildActionMask = 2147483647;
			files = (
			);
			runOnlyForDeploymentPostprocessing = 0;
		};
		2B1756CD1DA8980400DCEA39 /* Frameworks */ = {
			isa = PBXFrameworksBuildPhase;
			buildActionMask = 2147483647;
			files = (
			);
			runOnlyForDeploymentPostprocessing = 0;
		};
/* End PBXFrameworksBuildPhase section */

/* Begin PBXGroup section */
		2B1756A81DA8980400DCEA39 = {
			isa = PBXGroup;
			children = (
				2B1756B31DA8980400DCEA39 /* Potato */,
				2B1756C81DA8980400DCEA39 /* PotatoTests */,
				2B1756D31DA8980400DCEA39 /* PotatoUITests */,
				2B1756B21DA8980400DCEA39 /* Products */,
			);
			sourceTree = "<group>";
		};
		2B1756B21DA8980400DCEA39 /* Products */ = {
			isa = PBXGroup;
			children = (
				2B1756B11DA8980400DCEA39 /* Potato.app */,
				2B1756C51DA8980400DCEA39 /* PotatoTests.xctest */,
				2B1756D01DA8980400DCEA39 /* PotatoUITests.xctest */,
			);
			name = Products;
			sourceTree = "<group>";
		};
		2B1756B31DA8980400DCEA39 /* Potato */ = {
			isa = PBXGroup;
			children = (
				2B1756B41DA8980400DCEA39 /* AppDelegate.swift */,
				2B1756B61DA8980400DCEA39 /* ViewController.swift */,
				2B7945531DA8B54000C55A06 /* images */,
				2B1756B81DA8980400DCEA39 /* Main.storyboard */,
				2B1756BB1DA8980400DCEA39 /* Assets.xcassets */,
				2B1756BD1DA8980400DCEA39 /* LaunchScreen.storyboard */,
				2B1756C01DA8980400DCEA39 /* Info.plist */,
				2B7945551DA90B1B00C55A06 /* ImageViewController.swift */,
			);
			path = Potato;
			sourceTree = "<group>";
		};
		2B1756C81DA8980400DCEA39 /* PotatoTests */ = {
			isa = PBXGroup;
			children = (
				2B1756C91DA8980400DCEA39 /* PotatoTests.swift */,
				2B1756CB1DA8980400DCEA39 /* Info.plist */,
			);
			path = PotatoTests;
			sourceTree = "<group>";
		};
		2B1756D31DA8980400DCEA39 /* PotatoUITests */ = {
			isa = PBXGroup;
			children = (
				2B1756D41DA8980400DCEA39 /* PotatoUITests.swift */,
				2B1756D61DA8980400DCEA39 /* Info.plist */,
			);
			path = PotatoUITests;
			sourceTree = "<group>";
		};
/* End PBXGroup section */

/* Begin PBXNativeTarget section */
		2B1756B01DA8980400DCEA39 /* Potato */ = {
			isa = PBXNativeTarget;
			buildConfigurationList = 2B1756D91DA8980400DCEA39 /* Build configuration list for PBXNativeTarget "Potato" */;
			buildPhases = (
				2B1756AD1DA8980400DCEA39 /* Sources */,
				2B1756AE1DA8980400DCEA39 /* Frameworks */,
				2B1756AF1DA8980400DCEA39 /* Resources */,
			);
			buildRules = (
			);
			dependencies = (
			);
			name = Potato;
			productName = Potato;
			productReference = 2B1756B11DA8980400DCEA39 /* Potato.app */;
			productType = "com.apple.product-type.application";
		};
		2B1756C41DA8980400DCEA39 /* PotatoTests */ = {
			isa = PBXNativeTarget;
			buildConfigurationList = 2B1756DC1DA8980400DCEA39 /* Build configuration list for PBXNativeTarget "PotatoTests" */;
			buildPhases = (
				2B1756C11DA8980400DCEA39 /* Sources */,
				2B1756C21DA8980400DCEA39 /* Frameworks */,
				2B1756C31DA8980400DCEA39 /* Resources */,
			);
			buildRules = (
			);
			dependencies = (
				2B1756C71DA8980400DCEA39 /* PBXTargetDependency */,
			);
			name = PotatoTests;
			productName = PotatoTests;
			productReference = 2B1756C51DA8980400DCEA39 /* PotatoTests.xctest */;
			productType = "com.apple.product-type.bundle.unit-test";
		};
		2B1756CF1DA8980400DCEA39 /* PotatoUITests */ = {
			isa = PBXNativeTarget;
			buildConfigurationList = 2B1756DF1DA8980400DCEA39 /* Build configuration list for PBXNativeTarget "PotatoUITests" */;
			buildPhases = (
				2B1756CC1DA8980400DCEA39 /* Sources */,
				2B1756CD1DA8980400DCEA39 /* Frameworks */,
				2B1756CE1DA8980400DCEA39 /* Resources */,
			);
			buildRules = (
			);
			dependencies = (
				2B1756D21DA8980400DCEA39 /* PBXTargetDependency */,
			);
			name = PotatoUITests;
			productName = PotatoUITests;
			productReference = 2B1756D01DA8980400DCEA39 /* PotatoUITests.xctest */;
			productType = "com.apple.product-type.bundle.ui-testing";
		};
/* End PBXNativeTarget section */

/* Begin PBXProject section */
		2B1756A91DA8980400DCEA39 /* Project object */ = {
			isa = PBXProject;
			attributes = {
				LastSwiftUpdateCheck = 0730;
				LastUpgradeCheck = 0730;
				ORGANIZATIONNAME = TakayoshiYokoyama;
				TargetAttributes = {
					2B1756B01DA8980400DCEA39 = {
						CreatedOnToolsVersion = 7.3.1;
						DevelopmentTeam = FCHLM2BSCE;
					};
					2B1756C41DA8980400DCEA39 = {
						CreatedOnToolsVersion = 7.3.1;
						TestTargetID = 2B1756B01DA8980400DCEA39;
					};
					2B1756CF1DA8980400DCEA39 = {
						CreatedOnToolsVersion = 7.3.1;
						TestTargetID = 2B1756B01DA8980400DCEA39;
					};
				};
			};
			buildConfigurationList = 2B1756AC1DA8980400DCEA39 /* Build configuration list for PBXProject "Potato" */;
			compatibilityVersion = "Xcode 3.2";
			developmentRegion = English;
			hasScannedForEncodings = 0;
			knownRegions = (
				en,
				Base,
			);
			mainGroup = 2B1756A81DA8980400DCEA39;
			productRefGroup = 2B1756B21DA8980400DCEA39 /* Products */;
			projectDirPath = "";
			projectRoot = "";
			targets = (
				2B1756B01DA8980400DCEA39 /* Potato */,
				2B1756C41DA8980400DCEA39 /* PotatoTests */,
				2B1756CF1DA8980400DCEA39 /* PotatoUITests */,
			);
		};
/* End PBXProject section */

/* Begin PBXResourcesBuildPhase section */
		2B1756AF1DA8980400DCEA39 /* Resources */ = {
			isa = PBXResourcesBuildPhase;
			buildActionMask = 2147483647;
			files = (
				2B7945541DA8B54000C55A06 /* images in Resources */,
				2B1756BF1DA8980400DCEA39 /* LaunchScreen.storyboard in Resources */,
				2B1756BC1DA8980400DCEA39 /* Assets.xcassets in Resources */,
				2B1756BA1DA8980400DCEA39 /* Main.storyboard in Resources */,
			);
			runOnlyForDeploymentPostprocessing = 0;
		};
		2B1756C31DA8980400DCEA39 /* Resources */ = {
			isa = PBXResourcesBuildPhase;
			buildActionMask = 2147483647;
			files = (
			);
			runOnlyForDeploymentPostprocessing = 0;
		};
		2B1756CE1DA8980400DCEA39 /* Resources */ = {
			isa = PBXResourcesBuildPhase;
			buildActionMask = 2147483647;
			files = (
			);
			runOnlyForDeploymentPostprocessing = 0;
		};
/* End PBXResourcesBuildPhase section */

/* Begin PBXSourcesBuildPhase section */
		2B1756AD1DA8980400DCEA39 /* Sources */ = {
			isa = PBXSourcesBuildPhase;
			buildActionMask = 2147483647;
			files = (
				2B1756B71DA8980400DCEA39 /* ViewController.swift in Sources */,
				2B7945561DA90B1B00C55A06 /* ImageViewController.swift in Sources */,
				2B1756B51DA8980400DCEA39 /* AppDelegate.swift in Sources */,
			);
			runOnlyForDeploymentPostprocessing = 0;
		};
		2B1756C11DA8980400DCEA39 /* Sources */ = {
			isa = PBXSourcesBuildPhase;
			buildActionMask = 2147483647;
			files = (
				2B1756CA1DA8980400DCEA39 /* PotatoTests.swift in Sources */,
			);
			runOnlyForDeploymentPostprocessing = 0;
		};
		2B1756CC1DA8980400DCEA39 /* Sources */ = {
			isa = PBXSourcesBuildPhase;
			buildActionMask = 2147483647;
			files = (
				2B1756D51DA8980400DCEA39 /* PotatoUITests.swift in Sources */,
			);
			runOnlyForDeploymentPostprocessing = 0;
		};
/* End PBXSourcesBuildPhase section */

/* Begin PBXTargetDependency section */
		2B1756C71DA8980400DCEA39 /* PBXTargetDependency */ = {
			isa = PBXTargetDependency;
			target = 2B1756B01DA8980400DCEA39 /* Potato */;
			targetProxy = 2B1756C61DA8980400DCEA39 /* PBXContainerItemProxy */;
		};
		2B1756D21DA8980400DCEA39 /* PBXTargetDependency */ = {
			isa = PBXTargetDependency;
			target = 2B1756B01DA8980400DCEA39 /* Potato */;
			targetProxy = 2B1756D11DA8980400DCEA39 /* PBXContainerItemProxy */;
		};
/* End PBXTargetDependency section */

/* Begin PBXVariantGroup section */
		2B1756B81DA8980400DCEA39 /* Main.storyboard */ = {
			isa = PBXVariantGroup;
			children = (
				2B1756B91DA8980400DCEA39 /* Base */,
			);
			name = Main.storyboard;
			sourceTree = "<group>";
		};
		2B1756BD1DA8980400DCEA39 /* LaunchScreen.storyboard */ = {
			isa = PBXVariantGroup;
			children = (
				2B1756BE1DA8980400DCEA39 /* Base */,
			);
			name = LaunchScreen.storyboard;
			sourceTree = "<group>";
		};
/* End PBXVariantGroup section */

/* Begin XCBuildConfiguration section */
		2B1756D71DA8980400DCEA39 /* Debug */ = {
			isa = XCBuildConfiguration;
			buildSettings = {
				ALWAYS_SEARCH_USER_PATHS = NO;
				CLANG_ANALYZER_NONNULL = YES;
				CLANG_CXX_LANGUAGE_STANDARD = "gnu++0x";
				CLANG_CXX_LIBRARY = "libc++";
				CLANG_ENABLE_MODULES = YES;
				CLANG_ENABLE_OBJC_ARC = YES;
				CLANG_WARN_BOOL_CONVERSION = YES;
				CLANG_WARN_CONSTANT_CONVERSION = YES;
				CLANG_WARN_DIRECT_OBJC_ISA_USAGE = YES_ERROR;
				CLANG_WARN_EMPTY_BODY = YES;
				CLANG_WARN_ENUM_CONVERSION = YES;
				CLANG_WARN_INT_CONVERSION = YES;
				CLANG_WARN_OBJC_ROOT_CLASS = YES_ERROR;
				CLANG_WARN_UNREACHABLE_CODE = YES;
				CLANG_WARN__DUPLICATE_METHOD_MATCH = YES;
				"CODE_SIGN_IDENTITY[sdk=iphoneos*]" = "iPhone Developer";
				COPY_PHASE_STRIP = NO;
				DEBUG_INFORMATION_FORMAT = dwarf;
				ENABLE_STRICT_OBJC_MSGSEND = YES;
				ENABLE_TESTABILITY = YES;
				GCC_C_LANGUAGE_STANDARD = gnu99;
				GCC_DYNAMIC_NO_PIC = NO;
				GCC_NO_COMMON_BLOCKS = YES;
				GCC_OPTIMIZATION_LEVEL = 0;
				GCC_PREPROCESSOR_DEFINITIONS = (
					"DEBUG=1",
					"$(inherited)",
				);
				GCC_WARN_64_TO_32_BIT_CONVERSION = YES;
				GCC_WARN_ABOUT_RETURN_TYPE = YES_ERROR;
				GCC_WARN_UNDECLARED_SELECTOR = YES;
				GCC_WARN_UNINITIALIZED_AUTOS = YES_AGGRESSIVE;
				GCC_WARN_UNUSED_FUNCTION = YES;
				GCC_WARN_UNUSED_VARIABLE = YES;
				IPHONEOS_DEPLOYMENT_TARGET = 9.3;
				MTL_ENABLE_DEBUG_INFO = YES;
				ONLY_ACTIVE_ARCH = YES;
				SDKROOT = iphoneos;
				SWIFT_OPTIMIZATION_LEVEL = "-Onone";
			};
			name = Debug;
		};
		2B1756D81DA8980400DCEA39 /* Release */ = {
			isa = XCBuildConfiguration;
			buildSettings = {
				ALWAYS_SEARCH_USER_PATHS = NO;
				CLANG_ANALYZER_NONNULL = YES;
				CLANG_CXX_LANGUAGE_STANDARD = "gnu++0x";
				CLANG_CXX_LIBRARY = "libc++";
				CLANG_ENABLE_MODULES = YES;
				CLANG_ENABLE_OBJC_ARC = YES;
				CLANG_WARN_BOOL_CONVERSION = YES;
				CLANG_WARN_CONSTANT_CONVERSION = YES;
				CLANG_WARN_DIRECT_OBJC_ISA_USAGE = YES_ERROR;
				CLANG_WARN_EMPTY_BODY = YES;
				CLANG_WARN_ENUM_CONVERSION = YES;
				CLANG_WARN_INT_CONVERSION = YES;
				CLANG_WARN_OBJC_ROOT_CLASS = YES_ERROR;
				CLANG_WARN_UNREACHABLE_CODE = YES;
				CLANG_WARN__DUPLICATE_METHOD_MATCH = YES;
				"CODE_SIGN_IDENTITY[sdk=iphoneos*]" = "iPhone Developer";
				COPY_PHASE_STRIP = NO;
				DEBUG_INFORMATION_FORMAT = "dwarf-with-dsym";
				ENABLE_NS_ASSERTIONS = NO;
				ENABLE_STRICT_OBJC_MSGSEND = YES;
				GCC_C_LANGUAGE_STANDARD = gnu99;
				GCC_NO_COMMON_BLOCKS = YES;
				GCC_WARN_64_TO_32_BIT_CONVERSION = YES;
				GCC_WARN_ABOUT_RETURN_TYPE = YES_ERROR;
				GCC_WARN_UNDECLARED_SELECTOR = YES;
				GCC_WARN_UNINITIALIZED_AUTOS = YES_AGGRESSIVE;
				GCC_WARN_UNUSED_FUNCTION = YES;
				GCC_WARN_UNUSED_VARIABLE = YES;
				IPHONEOS_DEPLOYMENT_TARGET = 9.3;
				MTL_ENABLE_DEBUG_INFO = NO;
				SDKROOT = iphoneos;
				VALIDATE_PRODUCT = YES;
			};
			name = Release;
		};
		2B1756DA1DA8980400DCEA39 /* Debug */ = {
			isa = XCBuildConfiguration;
			buildSettings = {
				ASSETCATALOG_COMPILER_APPICON_NAME = AppIcon;
				CODE_SIGN_IDENTITY = "iPhone Developer";
				"CODE_SIGN_IDENTITY[sdk=iphoneos*]" = "iPhone Developer";
				INFOPLIST_FILE = Potato/Info.plist;
				LD_RUNPATH_SEARCH_PATHS = "$(inherited) @executable_path/Frameworks";
				PRODUCT_BUNDLE_IDENTIFIER = jp.techacademy.takayoshi.yokoyama.Potato;
				PRODUCT_NAME = "$(TARGET_NAME)";
				PROVISIONING_PROFILE = "";
			};
			name = Debug;
		};
		2B1756DB1DA8980400DCEA39 /* Release */ = {
			isa = XCBuildConfiguration;
			buildSettings = {
				ASSETCATALOG_COMPILER_APPICON_NAME = AppIcon;
				CODE_SIGN_IDENTITY = "iPhone Developer";
				"CODE_SIGN_IDENTITY[sdk=iphoneos*]" = "iPhone Developer";
				INFOPLIST_FILE = Potato/Info.plist;
				LD_RUNPATH_SEARCH_PATHS = "$(inherited) @executable_path/Frameworks";
				PRODUCT_BUNDLE_IDENTIFIER = jp.techacademy.takayoshi.yokoyama.Potato;
				PRODUCT_NAME = "$(TARGET_NAME)";
				PROVISIONING_PROFILE = "";
			};
			name = Release;
		};
		2B1756DD1DA8980400DCEA39 /* Debug */ = {
			isa = XCBuildConfiguration;
			buildSettings = {
				BUNDLE_LOADER = "$(TEST_HOST)";
				INFOPLIST_FILE = PotatoTests/Info.plist;
				LD_RUNPATH_SEARCH_PATHS = "$(inherited) @executable_path/Frameworks @loader_path/Frameworks";
				PRODUCT_BUNDLE_IDENTIFIER = jp.techacademy.takayoshi.yokoyama.PotatoTests;
				PRODUCT_NAME = "$(TARGET_NAME)";
				TEST_HOST = "$(BUILT_PRODUCTS_DIR)/Potato.app/Potato";
			};
			name = Debug;
		};
		2B1756DE1DA8980400DCEA39 /* Release */ = {
			isa = XCBuildConfiguration;
			buildSettings = {
				BUNDLE_LOADER = "$(TEST_HOST)";
				INFOPLIST_FILE = PotatoTests/Info.plist;
				LD_RUNPATH_SEARCH_PATHS = "$(inherited) @executable_path/Frameworks @loader_path/Frameworks";
				PRODUCT_BUNDLE_IDENTIFIER = jp.techacademy.takayoshi.yokoyama.PotatoTests;
				PRODUCT_NAME = "$(TARGET_NAME)";
				TEST_HOST = "$(BUILT_PRODUCTS_DIR)/Potato.app/Potato";
			};
			name = Release;
		};
		2B1756E01DA8980400DCEA39 /* Debug */ = {
			isa = XCBuildConfiguration;
			buildSettings = {
				INFOPLIST_FILE = PotatoUITests/Info.plist;
				LD_RUNPATH_SEARCH_PATHS = "$(inherited) @executable_path/Frameworks @loader_path/Frameworks";
				PRODUCT_BUNDLE_IDENTIFIER = jp.techacademy.takayoshi.yokoyama.PotatoUITests;
				PRODUCT_NAME = "$(TARGET_NAME)";
				TEST_TARGET_NAME = Potato;
			};
			name = Debug;
		};
		2B1756E11DA8980400DCEA39 /* Release */ = {
			isa = XCBuildConfiguration;
			buildSettings = {
				INFOPLIST_FILE = PotatoUITests/Info.plist;
				LD_RUNPATH_SEARCH_PATHS = "$(inherited) @executable_path/Frameworks @loader_path/Frameworks";
				PRODUCT_BUNDLE_IDENTIFIER = jp.techacademy.takayoshi.yokoyama.PotatoUITests;
				PRODUCT_NAME = "$(TARGET_NAME)";
				TEST_TARGET_NAME = Potato;
			};
			name = Release;
		};
/* End XCBuildConfiguration section */

/* Begin XCConfigurationList section */
		2B1756AC1DA8980400DCEA39 /* Build configuration list for PBXProject "Potato" */ = {
			isa = XCConfigurationList;
			buildConfigurations = (
				2B1756D71DA8980400DCEA39 /* Debug */,
				2B1756D81DA8980400DCEA39 /* Release */,
			);
			defaultConfigurationIsVisible = 0;
			defaultConfigurationName = Release;
		};
		2B1756D91DA8980400DCEA39 /* Build configuration list for PBXNativeTarget "Potato" */ = {
			isa = XCConfigurationList;
			buildConfigurations = (
				2B1756DA1DA8980400DCEA39 /* Debug */,
				2B1756DB1DA8980400DCEA39 /* Release */,
			);
			defaultConfigurationIsVisible = 0;
			defaultConfigurationName = Release;
		};
		2B1756DC1DA8980400DCEA39 /* Build configuration list for PBXNativeTarget "PotatoTests" */ = {
			isa = XCConfigurationList;
			buildConfigurations = (
				2B1756DD1DA8980400DCEA39 /* Debug */,
				2B1756DE1DA8980400DCEA39 /* Release */,
			);
			defaultConfigurationIsVisible = 0;
			defaultConfigurationName = Release;
		};
		2B1756DF1DA8980400DCEA39 /* Build configuration list for PBXNativeTarget "PotatoUITests" */ = {
			isa = XCConfigurationList;
			buildConfigurations = (
				2B1756E01DA8980400DCEA39 /* Debug */,
				2B1756E11DA8980400DCEA39 /* Release */,
			);
			defaultConfigurationIsVisible = 0;
			defaultConfigurationName = Release;
		};
/* End XCConfigurationList section */
	};
	rootObject = 2B1756A91DA8980400DCEA39 /* Project object */;
}
